
Microsoft Visual Studio Solution File, Format Version 12.00
# Visual Studio 2013
VisualStudioVersion = 12.0.31101.0
MinimumVisualStudioVersion = 10.0.40219.1
Project("{8BC9CEB8-8B4A-11D0-8D11-00A0C91BC942}") = "Experiments", "Experiments\Experiments.vcxproj", "{D3543A3D-84F7-4471-B878-5FB31EF489AF}"
EndProject
Project("{8BC9CEB8-8B4A-11D0-8D11-00A0C91BC942}") = "StaticObject", "StaticObject\StaticObject.vcxproj", "{B42B377F-C459-4E30-9569-0DA9D7F3D5D8}"
EndProject
Project("{8BC9CEB8-8B4A-11D0-8D11-00A0C91BC942}") = "Constructors", "Constructors\Constructors.vcxproj", "{175569E9-B624-41F4-A921-213BFAEDE5B6}"
EndProject
Project("{8BC9CEB8-8B4A-11D0-8D11-00A0C91BC942}") = "Floats", "Floats\Floats.vcxproj", "{4E10C0DB-9605-4057-BB39-4D727E0F43A4}"
EndProject
Project("{8BC9CEB8-8B4A-11D0-8D11-00A0C91BC942}") = "ZeroInitialization", "ZeroInitialization\ZeroInitialization.vcxproj", "{19C203A4-9DD4-4053-A630-F31A12BE2AA9}"
EndProject
Project("{8BC9CEB8-8B4A-11D0-8D11-00A0C91BC942}") = "Uncopyable", "Uncopyable\Uncopyable.vcxproj", "{E59849F7-9F44-4C52-B254-05EE5FA10873}"
EndProject
Project("{8BC9CEB8-8B4A-11D0-8D11-00A0C91BC942}") = "containers", "containers\containers.vcxproj", "{9BF53F45-38CF-4402-85F8-6605378119E6}"
EndProject
Project("{8BC9CEB8-8B4A-11D0-8D11-00A0C91BC942}") = "fill", "fill\fill.vcxproj", "{BC291B41-7888-4AF4-880D-ED7BA5BB11F0}"
EndProject
Global
	GlobalSection(SolutionConfigurationPlatforms) = preSolution
		Debug|Win32 = Debug|Win32
		Release|Win32 = Release|Win32
	EndGlobalSection
	GlobalSection(ProjectConfigurationPlatforms) = postSolution
		{D3543A3D-84F7-4471-B878-5FB31EF489AF}.Debug|Win32.ActiveCfg = Debug|Win32
		{D3543A3D-84F7-4471-B878-5FB31EF489AF}.Debug|Win32.Build.0 = Debug|Win32
		{D3543A3D-84F7-4471-B878-5FB31EF489AF}.Release|Win32.ActiveCfg = Release|Win32
		{D3543A3D-84F7-4471-B878-5FB31EF489AF}.Release|Win32.Build.0 = Release|Win32
		{B42B377F-C459-4E30-9569-0DA9D7F3D5D8}.Debug|Win32.ActiveCfg = Debug|Win32
		{B42B377F-C459-4E30-9569-0DA9D7F3D5D8}.Debug|Win32.Build.0 = Debug|Win32
		{B42B377F-C459-4E30-9569-0DA9D7F3D5D8}.Release|Win32.ActiveCfg = Release|Win32
		{B42B377F-C459-4E30-9569-0DA9D7F3D5D8}.Release|Win32.Build.0 = Release|Win32
		{175569E9-B624-41F4-A921-213BFAEDE5B6}.Debug|Win32.ActiveCfg = Debug|Win32
		{175569E9-B624-41F4-A921-213BFAEDE5B6}.Debug|Win32.Build.0 = Debug|Win32
		{175569E9-B624-41F4-A921-213BFAEDE5B6}.Release|Win32.ActiveCfg = Release|Win32
		{175569E9-B624-41F4-A921-213BFAEDE5B6}.Release|Win32.Build.0 = Release|Win32
		{4E10C0DB-9605-4057-BB39-4D727E0F43A4}.Debug|Win32.ActiveCfg = Debug|Win32
		{4E10C0DB-9605-4057-BB39-4D727E0F43A4}.Debug|Win32.Build.0 = Debug|Win32
		{4E10C0DB-9605-4057-BB39-4D727E0F43A4}.Release|Win32.ActiveCfg = Release|Win32
		{4E10C0DB-9605-4057-BB39-4D727E0F43A4}.Release|Win32.Build.0 = Release|Win32
		{19C203A4-9DD4-4053-A630-F31A12BE2AA9}.Debug|Win32.ActiveCfg = Debug|Win32
		{19C203A4-9DD4-4053-A630-F31A12BE2AA9}.Debug|Win32.Build.0 = Debug|Win32
		{19C203A4-9DD4-4053-A630-F31A12BE2AA9}.Release|Win32.ActiveCfg = Release|Win32
		{19C203A4-9DD4-4053-A630-F31A12BE2AA9}.Release|Win32.Build.0 = Release|Win32
		{E59849F7-9F44-4C52-B254-05EE5FA10873}.Debug|Win32.ActiveCfg = Debug|Win32
		{E59849F7-9F44-4C52-B254-05EE5FA10873}.Debug|Win32.Build.0 = Debug|Win32
		{E59849F7-9F44-4C52-B254-05EE5FA10873}.Release|Win32.ActiveCfg = Release|Win32
		{E59849F7-9F44-4C52-B254-05EE5FA10873}.Release|Win32.Build.0 = Release|Win32
		{9BF53F45-38CF-4402-85F8-6605378119E6}.Debug|Win32.ActiveCfg = Debug|Win32
		{9BF53F45-38CF-4402-85F8-6605378119E6}.Debug|Win32.Build.0 = Debug|Win32
		{9BF53F45-38CF-4402-85F8-6605378119E6}.Release|Win32.ActiveCfg = Release|Win32
		{9BF53F45-38CF-4402-85F8-6605378119E6}.Release|Win32.Build.0 = Release|Win32
		{BC291B41-7888-4AF4-880D-ED7BA5BB11F0}.Debug|Win32.ActiveCfg = Debug|Win32
		{BC291B41-7888-4AF4-880D-ED7BA5BB11F0}.Debug|Win32.Build.0 = Debug|Win32
		{BC291B41-7888-4AF4-880D-ED7BA5BB11F0}.Release|Win32.ActiveCfg = Release|Win32
		{BC291B41-7888-4AF4-880D-ED7BA5BB11F0}.Release|Win32.Build.0 = Release|Win32
	EndGlobalSection
	GlobalSection(SolutionProperties) = preSolution
		HideSolutionNode = FALSE
	EndGlobalSection
EndGlobal
